
Microsoft Visual Studio Solution File, Format Version 12.00
# Visual Studio Version 17
VisualStudioVersion = 17.8.34309.116
MinimumVisualStudioVersion = 10.0.40219.1
Project("{8BC9CEB8-8B4A-11D0-8D11-00A0C91BC942}") = "lab3 tap", "lab3 tap\lab3 tap.vcxproj", "{11370107-810A-4857-97EB-9B6C97BB4D89}"
EndProject
Global
	GlobalSection(SolutionConfigurationPlatforms) = preSolution
		Debug|x64 = Debug|x64
		Debug|x86 = Debug|x86
		Release|x64 = Release|x64
		Release|x86 = Release|x86
	EndGlobalSection
	GlobalSection(ProjectConfigurationPlatforms) = postSolution
		{11370107-810A-4857-97EB-9B6C97BB4D89}.Debug|x64.ActiveCfg = Debug|x64
		{11370107-810A-4857-97EB-9B6C97BB4D89}.Debug|x64.Build.0 = Debug|x64
		{11370107-810A-4857-97EB-9B6C97BB4D89}.Debug|x86.ActiveCfg = Debug|Win32
		{11370107-810A-4857-97EB-9B6C97BB4D89}.Debug|x86.Build.0 = Debug|Win32
		{11370107-810A-4857-97EB-9B6C97BB4D89}.Release|x64.ActiveCfg = Release|x64
		{11370107-810A-4857-97EB-9B6C97BB4D89}.Release|x64.Build.0 = Release|x64
		{11370107-810A-4857-97EB-9B6C97BB4D89}.Release|x86.ActiveCfg = Release|Win32
		{11370107-810A-4857-97EB-9B6C97BB4D89}.Release|x86.Build.0 = Release|Win32
	EndGlobalSection
	GlobalSection(SolutionProperties) = preSolution
		HideSolutionNode = FALSE
	EndGlobalSection
	GlobalSection(ExtensibilityGlobals) = postSolution
		SolutionGuid = {6ACAFB91-24A4-4C75-AE9F-0E7DCA2000F0}
	EndGlobalSection
EndGlobal
